
Microsoft Visual Studio Solution File, Format Version 12.00
# Visual Studio Version 16
VisualStudioVersion = 16.0.30907.101
MinimumVisualStudioVersion = 10.0.40219.1
Project("{FAE04EC0-301F-11D3-BF4B-00C04F79EFBC}") = "Product.WebApi", "ProductTestWebApi\Product.WebApi.csproj", "{0DF982D0-6F46-41B0-8114-46DFDC7BD65B}"
EndProject
Project("{2150E333-8FDC-42A3-9474-1A3956D46DE8}") = "Core", "Core", "{29F1FD11-8A6E-40C8-A0B4-BBC97596A952}"
EndProject
Project("{2150E333-8FDC-42A3-9474-1A3956D46DE8}") = "Src", "Src", "{0F18FA4D-B3B1-4E69-B964-968DB0D3E253}"
EndProject
Project("{2150E333-8FDC-42A3-9474-1A3956D46DE8}") = "Presentation", "Presentation", "{1930E434-C40C-4477-BD6C-6BFC236789B3}"
EndProject
Project("{2150E333-8FDC-42A3-9474-1A3956D46DE8}") = "Tests", "Tests", "{C00CB3AB-C5A4-4160-830A-7B758E79C9CE}"
EndProject
Project("{FAE04EC0-301F-11D3-BF4B-00C04F79EFBC}") = "App.Tests", "NUnitTestProject1\App.Tests.csproj", "{9D79A4A4-7DAA-43AA-B107-D52AAA3E1374}"
EndProject
Project("{FAE04EC0-301F-11D3-BF4B-00C04F79EFBC}") = "Product.Domain", "Product.Domain\Product.Domain.csproj", "{B7A0FAF3-B3E1-4027-986A-58761C2EB0CA}"
EndProject
Project("{FAE04EC0-301F-11D3-BF4B-00C04F79EFBC}") = "Product.DataAccess", "Product.DAL\Product.DataAccess.csproj", "{CC128E0C-0C55-45B1-8E4F-679A78391548}"
EndProject
Project("{2150E333-8FDC-42A3-9474-1A3956D46DE8}") = "Infrastructure", "Infrastructure", "{52CBC140-9D49-4074-8A97-40DAE7380230}"
EndProject
Project("{FAE04EC0-301F-11D3-BF4B-00C04F79EFBC}") = "Product.App", "Product.App\Product.App.csproj", "{161D1379-8157-4A66-8B27-7D776CF91B10}"
EndProject
Global
	GlobalSection(SolutionConfigurationPlatforms) = preSolution
		Debug|Any CPU = Debug|Any CPU
		Release|Any CPU = Release|Any CPU
	EndGlobalSection
	GlobalSection(ProjectConfigurationPlatforms) = postSolution
		{0DF982D0-6F46-41B0-8114-46DFDC7BD65B}.Debug|Any CPU.ActiveCfg = Debug|Any CPU
		{0DF982D0-6F46-41B0-8114-46DFDC7BD65B}.Debug|Any CPU.Build.0 = Debug|Any CPU
		{0DF982D0-6F46-41B0-8114-46DFDC7BD65B}.Release|Any CPU.ActiveCfg = Release|Any CPU
		{0DF982D0-6F46-41B0-8114-46DFDC7BD65B}.Release|Any CPU.Build.0 = Release|Any CPU
		{9D79A4A4-7DAA-43AA-B107-D52AAA3E1374}.Debug|Any CPU.ActiveCfg = Debug|Any CPU
		{9D79A4A4-7DAA-43AA-B107-D52AAA3E1374}.Debug|Any CPU.Build.0 = Debug|Any CPU
		{9D79A4A4-7DAA-43AA-B107-D52AAA3E1374}.Release|Any CPU.ActiveCfg = Release|Any CPU
		{9D79A4A4-7DAA-43AA-B107-D52AAA3E1374}.Release|Any CPU.Build.0 = Release|Any CPU
		{B7A0FAF3-B3E1-4027-986A-58761C2EB0CA}.Debug|Any CPU.ActiveCfg = Debug|Any CPU
		{B7A0FAF3-B3E1-4027-986A-58761C2EB0CA}.Debug|Any CPU.Build.0 = Debug|Any CPU
		{B7A0FAF3-B3E1-4027-986A-58761C2EB0CA}.Release|Any CPU.ActiveCfg = Release|Any CPU
		{B7A0FAF3-B3E1-4027-986A-58761C2EB0CA}.Release|Any CPU.Build.0 = Release|Any CPU
		{CC128E0C-0C55-45B1-8E4F-679A78391548}.Debug|Any CPU.ActiveCfg = Debug|Any CPU
		{CC128E0C-0C55-45B1-8E4F-679A78391548}.Debug|Any CPU.Build.0 = Debug|Any CPU
		{CC128E0C-0C55-45B1-8E4F-679A78391548}.Release|Any CPU.ActiveCfg = Release|Any CPU
		{CC128E0C-0C55-45B1-8E4F-679A78391548}.Release|Any CPU.Build.0 = Release|Any CPU
		{161D1379-8157-4A66-8B27-7D776CF91B10}.Debug|Any CPU.ActiveCfg = Debug|Any CPU
		{161D1379-8157-4A66-8B27-7D776CF91B10}.Debug|Any CPU.Build.0 = Debug|Any CPU
		{161D1379-8157-4A66-8B27-7D776CF91B10}.Release|Any CPU.ActiveCfg = Release|Any CPU
		{161D1379-8157-4A66-8B27-7D776CF91B10}.Release|Any CPU.Build.0 = Release|Any CPU
	EndGlobalSection
	GlobalSection(SolutionProperties) = preSolution
		HideSolutionNode = FALSE
	EndGlobalSection
	GlobalSection(NestedProjects) = preSolution
		{0DF982D0-6F46-41B0-8114-46DFDC7BD65B} = {1930E434-C40C-4477-BD6C-6BFC236789B3}
		{29F1FD11-8A6E-40C8-A0B4-BBC97596A952} = {0F18FA4D-B3B1-4E69-B964-968DB0D3E253}
		{1930E434-C40C-4477-BD6C-6BFC236789B3} = {0F18FA4D-B3B1-4E69-B964-968DB0D3E253}
		{9D79A4A4-7DAA-43AA-B107-D52AAA3E1374} = {C00CB3AB-C5A4-4160-830A-7B758E79C9CE}
		{B7A0FAF3-B3E1-4027-986A-58761C2EB0CA} = {29F1FD11-8A6E-40C8-A0B4-BBC97596A952}
		{CC128E0C-0C55-45B1-8E4F-679A78391548} = {52CBC140-9D49-4074-8A97-40DAE7380230}
		{52CBC140-9D49-4074-8A97-40DAE7380230} = {0F18FA4D-B3B1-4E69-B964-968DB0D3E253}
		{161D1379-8157-4A66-8B27-7D776CF91B10} = {29F1FD11-8A6E-40C8-A0B4-BBC97596A952}
	EndGlobalSection
	GlobalSection(ExtensibilityGlobals) = postSolution
		SolutionGuid = {B0002849-CAA2-4FA6-8B82-53E5ECE532B8}
	EndGlobalSection
EndGlobal
